
Microsoft Visual Studio Solution File, Format Version 12.00
# Visual Studio Version 16
VisualStudioVersion = 16.0.30621.155
MinimumVisualStudioVersion = 10.0.40219.1
Project("{FAE04EC0-301F-11D3-BF4B-00C04F79EFBC}") = "IDE-UI", "IDE-UI\IDE-UI.csproj", "{98D4308F-7723-4201-9CF9-667372A5D820}"
EndProject
Project("{9A19103F-16F7-4668-BE54-9A1E7A4F7556}") = "CMMInterpreter", "CMMInterpreter\CMMInterpreter.csproj", "{06769CC8-3328-4DC2-AACF-9588B21D6D38}"
EndProject
Global
	GlobalSection(SolutionConfigurationPlatforms) = preSolution
		Debug|Any CPU = Debug|Any CPU
		Release|Any CPU = Release|Any CPU
	EndGlobalSection
	GlobalSection(ProjectConfigurationPlatforms) = postSolution
		{98D4308F-7723-4201-9CF9-667372A5D820}.Debug|Any CPU.ActiveCfg = Debug|Any CPU
		{98D4308F-7723-4201-9CF9-667372A5D820}.Debug|Any CPU.Build.0 = Debug|Any CPU
		{98D4308F-7723-4201-9CF9-667372A5D820}.Release|Any CPU.ActiveCfg = Release|Any CPU
		{98D4308F-7723-4201-9CF9-667372A5D820}.Release|Any CPU.Build.0 = Release|Any CPU
		{06769CC8-3328-4DC2-AACF-9588B21D6D38}.Debug|Any CPU.ActiveCfg = Debug|Any CPU
		{06769CC8-3328-4DC2-AACF-9588B21D6D38}.Debug|Any CPU.Build.0 = Debug|Any CPU
		{06769CC8-3328-4DC2-AACF-9588B21D6D38}.Release|Any CPU.ActiveCfg = Release|Any CPU
		{06769CC8-3328-4DC2-AACF-9588B21D6D38}.Release|Any CPU.Build.0 = Release|Any CPU
	EndGlobalSection
	GlobalSection(SolutionProperties) = preSolution
		HideSolutionNode = FALSE
	EndGlobalSection
	GlobalSection(ExtensibilityGlobals) = postSolution
		SolutionGuid = {7F97E473-A453-4336-9B80-96EA743FE001}
	EndGlobalSection
EndGlobal
